# THIS IS AN AUTOGENERATED FILE. DO NOT EDIT THIS FILE DIRECTLY.
# yarn lockfile v1


"@types/node@^17.0.17":
  version "17.0.17"
  resolved "https://registry.yarnpkg.com/@types/node/-/node-17.0.17.tgz#a8ddf6e0c2341718d74ee3dc413a13a042c45a0c"
  integrity sha512-e8PUNQy1HgJGV3iU/Bp2+D/DXh3PYeyli8LgIwsQcs1Ar1LoaWHSIT6Rw+H2rNJmiq6SNWiDytfx8+gYj7wDHw==

crc-32@^0.3.0:
  version "0.3.0"
  resolved "https://registry.yarnpkg.com/crc-32/-/crc-32-0.3.0.tgz#6a3d3687f5baec41f7e9b99fe1953a2e5d19775e"
  integrity sha1-aj02h/W67EH36bmf4ZU6Ll0Zd14=

png-chunk-text@1.0.0:
  version "1.0.0"
  resolved "https://registry.yarnpkg.com/png-chunk-text/-/png-chunk-text-1.0.0.tgz#1c6006d8e34ba471d38e1c9c54b3f53e1085e18f"
  integrity sha1-HGAG2ONLpHHTjhycVLP1PhCF4Y8=

png-chunks-encode@1.0.0:
  version "1.0.0"
  resolved "https://registry.yarnpkg.com/png-chunks-encode/-/png-chunks-encode-1.0.0.tgz#d9ea5e35caeeed782658c1ab7bafa7a5edb1a878"
  integrity sha1-2epeNcru7XgmWMGre6+npe2xqHg=
  dependencies:
    crc-32 "^0.3.0"
    sliced "^1.0.1"

png-chunks-extract@1.0.0:
  version "1.0.0"
  resolved "https://registry.yarnpkg.com/png-chunks-extract/-/png-chunks-extract-1.0.0.tgz#fad4a905e66652197351c65e35b92c64311e472d"
  integrity sha1-+tSpBeZmUhlzUcZeNbksZDEeRy0=
  dependencies:
    crc-32 "^0.3.0"

sliced@^1.0.1:
  version "1.0.1"
  resolved "https://registry.yarnpkg.com/sliced/-/sliced-1.0.1.tgz#0b3a662b5d04c3177b1926bea82b03f837a2ef41"
  integrity sha1-CzpmK10Ewxd7GSa+qCsD+Dei70E=

typescript@^4.5.5:
  version "4.5.5"
  resolved "https://registry.yarnpkg.com/typescript/-/typescript-4.5.5.tgz#d8c953832d28924a9e3d37c73d729c846c5896f3"
  integrity sha512-TCTIul70LyWe6IJWT8QSYeA54WQe8EjQFU4wY52Fasj5UKx88LNYKCgBEHcOMOrFF1rKGbD8v/xcNWVUq9SymA==
